
Microsoft Visual Studio Solution File, Format Version 12.00
# Visual Studio 15
VisualStudioVersion = 15.0.28307.329
MinimumVisualStudioVersion = 10.0.40219.1
Project("{FAE04EC0-301F-11D3-BF4B-00C04F79EFBC}") = "AbbTest2", "AbbTest2\AbbTest2.csproj", "{CACAF3CB-7FC4-41FC-8E63-894431DEF7C1}"
EndProject
Project("{FAE04EC0-301F-11D3-BF4B-00C04F79EFBC}") = "AbbTest2.Tests", "AbbTest2.Tests\AbbTest2.Tests.csproj", "{F46FEBDD-BDE7-4D68-9446-11EDB624B613}"
EndProject
Project("{FAE04EC0-301F-11D3-BF4B-00C04F79EFBC}") = "WcfService", "WcfService\WcfService.csproj", "{675EC27B-CAE6-4D81-A77C-AABD4FF74478}"
EndProject
Global
	GlobalSection(SolutionConfigurationPlatforms) = preSolution
		Debug|Any CPU = Debug|Any CPU
		Release|Any CPU = Release|Any CPU
	EndGlobalSection
	GlobalSection(ProjectConfigurationPlatforms) = postSolution
		{CACAF3CB-7FC4-41FC-8E63-894431DEF7C1}.Debug|Any CPU.ActiveCfg = Debug|Any CPU
		{CACAF3CB-7FC4-41FC-8E63-894431DEF7C1}.Debug|Any CPU.Build.0 = Debug|Any CPU
		{CACAF3CB-7FC4-41FC-8E63-894431DEF7C1}.Release|Any CPU.ActiveCfg = Release|Any CPU
		{CACAF3CB-7FC4-41FC-8E63-894431DEF7C1}.Release|Any CPU.Build.0 = Release|Any CPU
		{F46FEBDD-BDE7-4D68-9446-11EDB624B613}.Debug|Any CPU.ActiveCfg = Debug|Any CPU
		{F46FEBDD-BDE7-4D68-9446-11EDB624B613}.Debug|Any CPU.Build.0 = Debug|Any CPU
		{F46FEBDD-BDE7-4D68-9446-11EDB624B613}.Release|Any CPU.ActiveCfg = Release|Any CPU
		{F46FEBDD-BDE7-4D68-9446-11EDB624B613}.Release|Any CPU.Build.0 = Release|Any CPU
		{675EC27B-CAE6-4D81-A77C-AABD4FF74478}.Debug|Any CPU.ActiveCfg = Debug|Any CPU
		{675EC27B-CAE6-4D81-A77C-AABD4FF74478}.Debug|Any CPU.Build.0 = Debug|Any CPU
		{675EC27B-CAE6-4D81-A77C-AABD4FF74478}.Release|Any CPU.ActiveCfg = Release|Any CPU
		{675EC27B-CAE6-4D81-A77C-AABD4FF74478}.Release|Any CPU.Build.0 = Release|Any CPU
	EndGlobalSection
	GlobalSection(SolutionProperties) = preSolution
		HideSolutionNode = FALSE
	EndGlobalSection
	GlobalSection(ExtensibilityGlobals) = postSolution
		SolutionGuid = {99522C63-F809-4A4E-9EE7-CAE7D800C45E}
	EndGlobalSection
EndGlobal
