
Microsoft Visual Studio Solution File, Format Version 12.00
# Visual Studio 15
VisualStudioVersion = 15.0.28307.329
MinimumVisualStudioVersion = 10.0.40219.1
Project("{FAE04EC0-301F-11D3-BF4B-00C04F79EFBC}") = "AbbTest2", "AbbTest2\AbbTest2.csproj", "{CACAF3CB-7FC4-41FC-8E63-894431DEF7C1}"
EndProject
Project("{FAE04EC0-301F-11D3-BF4B-00C04F79EFBC}") = "AbbTest2.Tests", "AbbTest2.Tests\AbbTest2.Tests.csproj", "{F46FEBDD-BDE7-4D68-9446-11EDB624B613}"
EndProject
Project("{E24C65DC-7377-472B-9ABA-BC803B73C61A}") = "WCFService2(1)", "WCFService2\", "{AD40EA28-0D01-458A-A76C-F32A7C664454}"
	ProjectSection(WebsiteProperties) = preProject
		TargetFrameworkMoniker = ".NETFramework,Version%3Dv4.6.1"
		ProjectReferences = "{CACAF3CB-7FC4-41FC-8E63-894431DEF7C1}|AbbTest2.dll;"
		Debug.AspNetCompiler.VirtualPath = "/localhost_55764"
		Debug.AspNetCompiler.PhysicalPath = "WCFService2\"
		Debug.AspNetCompiler.TargetPath = "PrecompiledWeb\localhost_55764\"
		Debug.AspNetCompiler.Updateable = "true"
		Debug.AspNetCompiler.ForceOverwrite = "true"
		Debug.AspNetCompiler.FixedNames = "false"
		Debug.AspNetCompiler.Debug = "True"
		Release.AspNetCompiler.VirtualPath = "/localhost_55764"
		Release.AspNetCompiler.PhysicalPath = "WCFService2\"
		Release.AspNetCompiler.TargetPath = "PrecompiledWeb\localhost_55764\"
		Release.AspNetCompiler.Updateable = "true"
		Release.AspNetCompiler.ForceOverwrite = "true"
		Release.AspNetCompiler.FixedNames = "false"
		Release.AspNetCompiler.Debug = "False"
		VWDPort = "55764"
		SlnRelativePath = "WCFService2\"
		DefaultWebSiteLanguage = "Visual C#"
	EndProjectSection
EndProject
Project("{FAE04EC0-301F-11D3-BF4B-00C04F79EFBC}") = "WcfService3", "WcfService3\WcfService3.csproj", "{3B97805B-FE85-4BF0-B1E3-2E22DFAE61A1}"
EndProject
Global
	GlobalSection(SolutionConfigurationPlatforms) = preSolution
		Debug|Any CPU = Debug|Any CPU
		Release|Any CPU = Release|Any CPU
	EndGlobalSection
	GlobalSection(ProjectConfigurationPlatforms) = postSolution
		{CACAF3CB-7FC4-41FC-8E63-894431DEF7C1}.Debug|Any CPU.ActiveCfg = Debug|Any CPU
		{CACAF3CB-7FC4-41FC-8E63-894431DEF7C1}.Debug|Any CPU.Build.0 = Debug|Any CPU
		{CACAF3CB-7FC4-41FC-8E63-894431DEF7C1}.Release|Any CPU.ActiveCfg = Release|Any CPU
		{CACAF3CB-7FC4-41FC-8E63-894431DEF7C1}.Release|Any CPU.Build.0 = Release|Any CPU
		{F46FEBDD-BDE7-4D68-9446-11EDB624B613}.Debug|Any CPU.ActiveCfg = Debug|Any CPU
		{F46FEBDD-BDE7-4D68-9446-11EDB624B613}.Debug|Any CPU.Build.0 = Debug|Any CPU
		{F46FEBDD-BDE7-4D68-9446-11EDB624B613}.Release|Any CPU.ActiveCfg = Release|Any CPU
		{F46FEBDD-BDE7-4D68-9446-11EDB624B613}.Release|Any CPU.Build.0 = Release|Any CPU
		{AD40EA28-0D01-458A-A76C-F32A7C664454}.Debug|Any CPU.ActiveCfg = Debug|Any CPU
		{AD40EA28-0D01-458A-A76C-F32A7C664454}.Debug|Any CPU.Build.0 = Debug|Any CPU
		{AD40EA28-0D01-458A-A76C-F32A7C664454}.Release|Any CPU.ActiveCfg = Debug|Any CPU
		{AD40EA28-0D01-458A-A76C-F32A7C664454}.Release|Any CPU.Build.0 = Debug|Any CPU
		{3B97805B-FE85-4BF0-B1E3-2E22DFAE61A1}.Debug|Any CPU.ActiveCfg = Debug|Any CPU
		{3B97805B-FE85-4BF0-B1E3-2E22DFAE61A1}.Debug|Any CPU.Build.0 = Debug|Any CPU
		{3B97805B-FE85-4BF0-B1E3-2E22DFAE61A1}.Release|Any CPU.ActiveCfg = Release|Any CPU
		{3B97805B-FE85-4BF0-B1E3-2E22DFAE61A1}.Release|Any CPU.Build.0 = Release|Any CPU
	EndGlobalSection
	GlobalSection(SolutionProperties) = preSolution
		HideSolutionNode = FALSE
	EndGlobalSection
	GlobalSection(ExtensibilityGlobals) = postSolution
		SolutionGuid = {99522C63-F809-4A4E-9EE7-CAE7D800C45E}
	EndGlobalSection
EndGlobal
